PODS:
  - device_info_app (0.0.1):
    - Flutter
  - Flutter (1.0.0)

DEPENDENCIES:
  - device_info_app (from `.symlinks/plugins/device_info_app/ios`)
  - Flutter (from `Flutter`)

EXTERNAL SOURCES:
  device_info_app:
    :path: ".symlinks/plugins/device_info_app/ios"
  Flutter:
    :path: Flutter

SPEC CHECKSUMS:
  device_info_app: f17fc810a01ae98092edd00281190348e42fa553
  Flutter: 71a624a5bc0c04062bf19101d501e466baf2fb47

PODFILE CHECKSUM: 3ba3a73b1b12adcf321a227a745625fe0888cc82

COCOAPODS: 1.17.0
